
Microsoft Visual Studio Solution File, Format Version 12.00
# Visual Studio Version 16
VisualStudioVersion = 16.0.29326.143
MinimumVisualStudioVersion = 15.0.26124.0
Project("{2150E333-8FDC-42A3-9474-1A3956D46DE8}") = "src", "src", "{2E095173-D0BB-4425-81EC-3FDF0E6DD590}"
EndProject
Project("{9A19103F-16F7-4668-BE54-9A1E7A4F7556}") = "CanonicalizeRequest", "src\CanonicalizeRequest\CanonicalizeRequest.csproj", "{51ADC533-9854-464E-955E-01AAC1D98F9C}"
EndProject
Project("{2150E333-8FDC-42A3-9474-1A3956D46DE8}") = "solution-files", "solution-files", "{6FE109CF-B980-4B68-A705-486AA1FF1346}"
	ProjectSection(SolutionItems) = preProject
		.gitignore = .gitignore
		LICENSE = LICENSE
		README.md = README.md
	EndProjectSection
EndProject
Global
	GlobalSection(SolutionConfigurationPlatforms) = preSolution
		Debug|Any CPU = Debug|Any CPU
		Debug|x64 = Debug|x64
		Debug|x86 = Debug|x86
		Release|Any CPU = Release|Any CPU
		Release|x64 = Release|x64
		Release|x86 = Release|x86
	EndGlobalSection
	GlobalSection(ProjectConfigurationPlatforms) = postSolution
		{51ADC533-9854-464E-955E-01AAC1D98F9C}.Debug|Any CPU.ActiveCfg = Debug|Any CPU
		{51ADC533-9854-464E-955E-01AAC1D98F9C}.Debug|Any CPU.Build.0 = Debug|Any CPU
		{51ADC533-9854-464E-955E-01AAC1D98F9C}.Debug|x64.ActiveCfg = Debug|Any CPU
		{51ADC533-9854-464E-955E-01AAC1D98F9C}.Debug|x64.Build.0 = Debug|Any CPU
		{51ADC533-9854-464E-955E-01AAC1D98F9C}.Debug|x86.ActiveCfg = Debug|Any CPU
		{51ADC533-9854-464E-955E-01AAC1D98F9C}.Debug|x86.Build.0 = Debug|Any CPU
		{51ADC533-9854-464E-955E-01AAC1D98F9C}.Release|Any CPU.ActiveCfg = Release|Any CPU
		{51ADC533-9854-464E-955E-01AAC1D98F9C}.Release|Any CPU.Build.0 = Release|Any CPU
		{51ADC533-9854-464E-955E-01AAC1D98F9C}.Release|x64.ActiveCfg = Release|Any CPU
		{51ADC533-9854-464E-955E-01AAC1D98F9C}.Release|x64.Build.0 = Release|Any CPU
		{51ADC533-9854-464E-955E-01AAC1D98F9C}.Release|x86.ActiveCfg = Release|Any CPU
		{51ADC533-9854-464E-955E-01AAC1D98F9C}.Release|x86.Build.0 = Release|Any CPU
	EndGlobalSection
	GlobalSection(SolutionProperties) = preSolution
		HideSolutionNode = FALSE
	EndGlobalSection
	GlobalSection(NestedProjects) = preSolution
		{51ADC533-9854-464E-955E-01AAC1D98F9C} = {2E095173-D0BB-4425-81EC-3FDF0E6DD590}
	EndGlobalSection
	GlobalSection(ExtensibilityGlobals) = postSolution
		SolutionGuid = {339CEDE4-63FB-42B9-A057-1432A9BA07C3}
	EndGlobalSection
EndGlobal
